
Microsoft Visual Studio Solution File, Format Version 12.00
# Visual Studio Version 17
VisualStudioVersion = 17.3.32929.385
MinimumVisualStudioVersion = 10.0.40219.1
Project("{FAE04EC0-301F-11D3-BF4B-00C04F79EFBC}") = "FetchData.UWP", "FetchData.UWP\FetchData.UWP.csproj", "{2048B4B8-59CD-45D8-B652-1FA83D3CBA36}"
EndProject
Project("{FAE04EC0-301F-11D3-BF4B-00C04F79EFBC}") = "FetchData.Android", "FetchData.Android\FetchData.Android.csproj", "{4696C294-65AF-4AC5-85E5-82A307AD52A7}"
EndProject
Project("{FAE04EC0-301F-11D3-BF4B-00C04F79EFBC}") = "FetchData.iOS", "FetchData.iOS\FetchData.iOS.csproj", "{A362623F-72D2-471F-A4A4-4D021045C01C}"
EndProject
Project("{FAE04EC0-301F-11D3-BF4B-00C04F79EFBC}") = "FetchData", "FetchData\FetchData.csproj", "{E49DDEFC-EB17-4A78-96E5-B22FC2A9E1BD}"
EndProject
Global
	GlobalSection(SolutionConfigurationPlatforms) = preSolution
		Debug|Any CPU = Debug|Any CPU
		Debug|ARM = Debug|ARM
		Debug|iPhone = Debug|iPhone
		Debug|iPhoneSimulator = Debug|iPhoneSimulator
		Debug|x64 = Debug|x64
		Debug|x86 = Debug|x86
		Release|Any CPU = Release|Any CPU
		Release|ARM = Release|ARM
		Release|iPhone = Release|iPhone
		Release|iPhoneSimulator = Release|iPhoneSimulator
		Release|x64 = Release|x64
		Release|x86 = Release|x86
	EndGlobalSection
	GlobalSection(ProjectConfigurationPlatforms) = postSolution
		{2048B4B8-59CD-45D8-B652-1FA83D3CBA36}.Debug|Any CPU.ActiveCfg = Debug|x64
		{2048B4B8-59CD-45D8-B652-1FA83D3CBA36}.Debug|Any CPU.Build.0 = Debug|x64
		{2048B4B8-59CD-45D8-B652-1FA83D3CBA36}.Debug|Any CPU.Deploy.0 = Debug|x64
		{2048B4B8-59CD-45D8-B652-1FA83D3CBA36}.Debug|ARM.ActiveCfg = Debug|ARM
		{2048B4B8-59CD-45D8-B652-1FA83D3CBA36}.Debug|ARM.Build.0 = Debug|ARM
		{2048B4B8-59CD-45D8-B652-1FA83D3CBA36}.Debug|ARM.Deploy.0 = Debug|ARM
		{2048B4B8-59CD-45D8-B652-1FA83D3CBA36}.Debug|iPhone.ActiveCfg = Debug|x64
		{2048B4B8-59CD-45D8-B652-1FA83D3CBA36}.Debug|iPhone.Build.0 = Debug|x64
		{2048B4B8-59CD-45D8-B652-1FA83D3CBA36}.Debug|iPhone.Deploy.0 = Debug|x64
		{2048B4B8-59CD-45D8-B652-1FA83D3CBA36}.Debug|iPhoneSimulator.ActiveCfg = Debug|x64
		{2048B4B8-59CD-45D8-B652-1FA83D3CBA36}.Debug|iPhoneSimulator.Build.0 = Debug|x64
		{2048B4B8-59CD-45D8-B652-1FA83D3CBA36}.Debug|iPhoneSimulator.Deploy.0 = Debug|x64
		{2048B4B8-59CD-45D8-B652-1FA83D3CBA36}.Debug|x64.ActiveCfg = Debug|x64
		{2048B4B8-59CD-45D8-B652-1FA83D3CBA36}.Debug|x64.Build.0 = Debug|x64
		{2048B4B8-59CD-45D8-B652-1FA83D3CBA36}.Debug|x64.Deploy.0 = Debug|x64
		{2048B4B8-59CD-45D8-B652-1FA83D3CBA36}.Debug|x86.ActiveCfg = Debug|x86
		{2048B4B8-59CD-45D8-B652-1FA83D3CBA36}.Debug|x86.Build.0 = Debug|x86
		{2048B4B8-59CD-45D8-B652-1FA83D3CBA36}.Debug|x86.Deploy.0 = Debug|x86
		{2048B4B8-59CD-45D8-B652-1FA83D3CBA36}.Release|Any CPU.ActiveCfg = Release|x64
		{2048B4B8-59CD-45D8-B652-1FA83D3CBA36}.Release|Any CPU.Build.0 = Release|x64
		{2048B4B8-59CD-45D8-B652-1FA83D3CBA36}.Release|Any CPU.Deploy.0 = Release|x64
		{2048B4B8-59CD-45D8-B652-1FA83D3CBA36}.Release|ARM.ActiveCfg = Release|ARM
		{2048B4B8-59CD-45D8-B652-1FA83D3CBA36}.Release|ARM.Build.0 = Release|ARM
		{2048B4B8-59CD-45D8-B652-1FA83D3CBA36}.Release|ARM.Deploy.0 = Release|ARM
		{2048B4B8-59CD-45D8-B652-1FA83D3CBA36}.Release|iPhone.ActiveCfg = Release|x64
		{2048B4B8-59CD-45D8-B652-1FA83D3CBA36}.Release|iPhone.Build.0 = Release|x64
		{2048B4B8-59CD-45D8-B652-1FA83D3CBA36}.Release|iPhone.Deploy.0 = Release|x64
		{2048B4B8-59CD-45D8-B652-1FA83D3CBA36}.Release|iPhoneSimulator.ActiveCfg = Release|x64
		{2048B4B8-59CD-45D8-B652-1FA83D3CBA36}.Release|iPhoneSimulator.Build.0 = Release|x64
		{2048B4B8-59CD-45D8-B652-1FA83D3CBA36}.Release|iPhoneSimulator.Deploy.0 = Release|x64
		{2048B4B8-59CD-45D8-B652-1FA83D3CBA36}.Release|x64.ActiveCfg = Release|x64
		{2048B4B8-59CD-45D8-B652-1FA83D3CBA36}.Release|x64.Build.0 = Release|x64
		{2048B4B8-59CD-45D8-B652-1FA83D3CBA36}.Release|x64.Deploy.0 = Release|x64
		{2048B4B8-59CD-45D8-B652-1FA83D3CBA36}.Release|x86.ActiveCfg = Release|x86
		{2048B4B8-59CD-45D8-B652-1FA83D3CBA36}.Release|x86.Build.0 = Release|x86
		{2048B4B8-59CD-45D8-B652-1FA83D3CBA36}.Release|x86.Deploy.0 = Release|x86
		{4696C294-65AF-4AC5-85E5-82A307AD52A7}.Debug|Any CPU.ActiveCfg = Debug|Any CPU
		{4696C294-65AF-4AC5-85E5-82A307AD52A7}.Debug|Any CPU.Build.0 = Debug|Any CPU
		{4696C294-65AF-4AC5-85E5-82A307AD52A7}.Debug|Any CPU.Deploy.0 = Debug|Any CPU
		{4696C294-65AF-4AC5-85E5-82A307AD52A7}.Debug|ARM.ActiveCfg = Debug|Any CPU
		{4696C294-65AF-4AC5-85E5-82A307AD52A7}.Debug|ARM.Build.0 = Debug|Any CPU
		{4696C294-65AF-4AC5-85E5-82A307AD52A7}.Debug|ARM.Deploy.0 = Debug|Any CPU
		{4696C294-65AF-4AC5-85E5-82A307AD52A7}.Debug|iPhone.ActiveCfg = Debug|Any CPU
		{4696C294-65AF-4AC5-85E5-82A307AD52A7}.Debug|iPhone.Build.0 = Debug|Any CPU
		{4696C294-65AF-4AC5-85E5-82A307AD52A7}.Debug|iPhone.Deploy.0 = Debug|Any CPU
		{4696C294-65AF-4AC5-85E5-82A307AD52A7}.Debug|iPhoneSimulator.ActiveCfg = Debug|Any CPU
		{4696C294-65AF-4AC5-85E5-82A307AD52A7}.Debug|iPhoneSimulator.Build.0 = Debug|Any CPU
		{4696C294-65AF-4AC5-85E5-82A307AD52A7}.Debug|iPhoneSimulator.Deploy.0 = Debug|Any CPU
		{4696C294-65AF-4AC5-85E5-82A307AD52A7}.Debug|x64.ActiveCfg = Debug|Any CPU
		{4696C294-65AF-4AC5-85E5-82A307AD52A7}.Debug|x64.Build.0 = Debug|Any CPU
		{4696C294-65AF-4AC5-85E5-82A307AD52A7}.Debug|x64.Deploy.0 = Debug|Any CPU
		{4696C294-65AF-4AC5-85E5-82A307AD52A7}.Debug|x86.ActiveCfg = Debug|Any CPU
		{4696C294-65AF-4AC5-85E5-82A307AD52A7}.Debug|x86.Build.0 = Debug|Any CPU
		{4696C294-65AF-4AC5-85E5-82A307AD52A7}.Debug|x86.Deploy.0 = Debug|Any CPU
		{4696C294-65AF-4AC5-85E5-82A307AD52A7}.Release|Any CPU.ActiveCfg = Release|Any CPU
		{4696C294-65AF-4AC5-85E5-82A307AD52A7}.Release|Any CPU.Build.0 = Release|Any CPU
		{4696C294-65AF-4AC5-85E5-82A307AD52A7}.Release|Any CPU.Deploy.0 = Release|Any CPU
		{4696C294-65AF-4AC5-85E5-82A307AD52A7}.Release|ARM.ActiveCfg = Release|Any CPU
		{4696C294-65AF-4AC5-85E5-82A307AD52A7}.Release|ARM.Build.0 = Release|Any CPU
		{4696C294-65AF-4AC5-85E5-82A307AD52A7}.Release|ARM.Deploy.0 = Release|Any CPU
		{4696C294-65AF-4AC5-85E5-82A307AD52A7}.Release|iPhone.ActiveCfg = Release|Any CPU
		{4696C294-65AF-4AC5-85E5-82A307AD52A7}.Release|iPhone.Build.0 = Release|Any CPU
		{4696C294-65AF-4AC5-85E5-82A307AD52A7}.Release|iPhone.Deploy.0 = Release|Any CPU
		{4696C294-65AF-4AC5-85E5-82A307AD52A7}.Release|iPhoneSimulator.ActiveCfg = Release|Any CPU
		{4696C294-65AF-4AC5-85E5-82A307AD52A7}.Release|iPhoneSimulator.Build.0 = Release|Any CPU
		{4696C294-65AF-4AC5-85E5-82A307AD52A7}.Release|iPhoneSimulator.Deploy.0 = Release|Any CPU
		{4696C294-65AF-4AC5-85E5-82A307AD52A7}.Release|x64.ActiveCfg = Release|Any CPU
		{4696C294-65AF-4AC5-85E5-82A307AD52A7}.Release|x64.Build.0 = Release|Any CPU
		{4696C294-65AF-4AC5-85E5-82A307AD52A7}.Release|x64.Deploy.0 = Release|Any CPU
		{4696C294-65AF-4AC5-85E5-82A307AD52A7}.Release|x86.ActiveCfg = Release|Any CPU
		{4696C294-65AF-4AC5-85E5-82A307AD52A7}.Release|x86.Build.0 = Release|Any CPU
		{4696C294-65AF-4AC5-85E5-82A307AD52A7}.Release|x86.Deploy.0 = Release|Any CPU
		{A362623F-72D2-471F-A4A4-4D021045C01C}.Debug|Any CPU.ActiveCfg = Debug|iPhoneSimulator
		{A362623F-72D2-471F-A4A4-4D021045C01C}.Debug|Any CPU.Build.0 = Debug|iPhoneSimulator
		{A362623F-72D2-471F-A4A4-4D021045C01C}.Debug|Any CPU.Deploy.0 = Debug|iPhoneSimulator
		{A362623F-72D2-471F-A4A4-4D021045C01C}.Debug|ARM.ActiveCfg = Debug|iPhoneSimulator
		{A362623F-72D2-471F-A4A4-4D021045C01C}.Debug|ARM.Build.0 = Debug|iPhoneSimulator
		{A362623F-72D2-471F-A4A4-4D021045C01C}.Debug|ARM.Deploy.0 = Debug|iPhoneSimulator
		{A362623F-72D2-471F-A4A4-4D021045C01C}.Debug|iPhone.ActiveCfg = Debug|iPhone
		{A362623F-72D2-471F-A4A4-4D021045C01C}.Debug|iPhone.Build.0 = Debug|iPhone
		{A362623F-72D2-471F-A4A4-4D021045C01C}.Debug|iPhone.Deploy.0 = Debug|iPhone
		{A362623F-72D2-471F-A4A4-4D021045C01C}.Debug|iPhoneSimulator.ActiveCfg = Debug|iPhoneSimulator
		{A362623F-72D2-471F-A4A4-4D021045C01C}.Debug|iPhoneSimulator.Build.0 = Debug|iPhoneSimulator
		{A362623F-72D2-471F-A4A4-4D021045C01C}.Debug|iPhoneSimulator.Deploy.0 = Debug|iPhoneSimulator
		{A362623F-72D2-471F-A4A4-4D021045C01C}.Debug|x64.ActiveCfg = Debug|iPhone
		{A362623F-72D2-471F-A4A4-4D021045C01C}.Debug|x64.Build.0 = Debug|iPhone
		{A362623F-72D2-471F-A4A4-4D021045C01C}.Debug|x64.Deploy.0 = Debug|iPhone
		{A362623F-72D2-471F-A4A4-4D021045C01C}.Debug|x86.ActiveCfg = Debug|iPhoneSimulator
		{A362623F-72D2-471F-A4A4-4D021045C01C}.Debug|x86.Build.0 = Debug|iPhoneSimulator
		{A362623F-72D2-471F-A4A4-4D021045C01C}.Debug|x86.Deploy.0 = Debug|iPhoneSimulator
		{A362623F-72D2-471F-A4A4-4D021045C01C}.Release|Any CPU.ActiveCfg = Release|iPhoneSimulator
		{A362623F-72D2-471F-A4A4-4D021045C01C}.Release|Any CPU.Build.0 = Release|iPhoneSimulator
		{A362623F-72D2-471F-A4A4-4D021045C01C}.Release|Any CPU.Deploy.0 = Release|iPhoneSimulator
		{A362623F-72D2-471F-A4A4-4D021045C01C}.Release|ARM.ActiveCfg = Release|iPhoneSimulator
		{A362623F-72D2-471F-A4A4-4D021045C01C}.Release|ARM.Build.0 = Release|iPhoneSimulator
		{A362623F-72D2-471F-A4A4-4D021045C01C}.Release|ARM.Deploy.0 = Release|iPhoneSimulator
		{A362623F-72D2-471F-A4A4-4D021045C01C}.Release|iPhone.ActiveCfg = Release|iPhone
		{A362623F-72D2-471F-A4A4-4D021045C01C}.Release|iPhone.Build.0 = Release|iPhone
		{A362623F-72D2-471F-A4A4-4D021045C01C}.Release|iPhone.Deploy.0 = Release|iPhone
		{A362623F-72D2-471F-A4A4-4D021045C01C}.Release|iPhoneSimulator.ActiveCfg = Release|iPhoneSimulator
		{A362623F-72D2-471F-A4A4-4D021045C01C}.Release|iPhoneSimulator.Build.0 = Release|iPhoneSimulator
		{A362623F-72D2-471F-A4A4-4D021045C01C}.Release|iPhoneSimulator.Deploy.0 = Release|iPhoneSimulator
		{A362623F-72D2-471F-A4A4-4D021045C01C}.Release|x64.ActiveCfg = Release|iPhoneSimulator
		{A362623F-72D2-471F-A4A4-4D021045C01C}.Release|x64.Build.0 = Release|iPhoneSimulator
		{A362623F-72D2-471F-A4A4-4D021045C01C}.Release|x64.Deploy.0 = Release|iPhoneSimulator
		{A362623F-72D2-471F-A4A4-4D021045C01C}.Release|x86.ActiveCfg = Release|iPhoneSimulator
		{A362623F-72D2-471F-A4A4-4D021045C01C}.Release|x86.Build.0 = Release|iPhoneSimulator
		{A362623F-72D2-471F-A4A4-4D021045C01C}.Release|x86.Deploy.0 = Release|iPhoneSimulator
		{E49DDEFC-EB17-4A78-96E5-B22FC2A9E1BD}.Debug|Any CPU.ActiveCfg = Debug|Any CPU
		{E49DDEFC-EB17-4A78-96E5-B22FC2A9E1BD}.Debug|Any CPU.Build.0 = Debug|Any CPU
		{E49DDEFC-EB17-4A78-96E5-B22FC2A9E1BD}.Debug|Any CPU.Deploy.0 = Debug|Any CPU
		{E49DDEFC-EB17-4A78-96E5-B22FC2A9E1BD}.Debug|ARM.ActiveCfg = Debug|Any CPU
		{E49DDEFC-EB17-4A78-96E5-B22FC2A9E1BD}.Debug|ARM.Build.0 = Debug|Any CPU
		{E49DDEFC-EB17-4A78-96E5-B22FC2A9E1BD}.Debug|ARM.Deploy.0 = Debug|Any CPU
		{E49DDEFC-EB17-4A78-96E5-B22FC2A9E1BD}.Debug|iPhone.ActiveCfg = Debug|Any CPU
		{E49DDEFC-EB17-4A78-96E5-B22FC2A9E1BD}.Debug|iPhone.Build.0 = Debug|Any CPU
		{E49DDEFC-EB17-4A78-96E5-B22FC2A9E1BD}.Debug|iPhone.Deploy.0 = Debug|Any CPU
		{E49DDEFC-EB17-4A78-96E5-B22FC2A9E1BD}.Debug|iPhoneSimulator.ActiveCfg = Debug|Any CPU
		{E49DDEFC-EB17-4A78-96E5-B22FC2A9E1BD}.Debug|iPhoneSimulator.Build.0 = Debug|Any CPU
		{E49DDEFC-EB17-4A78-96E5-B22FC2A9E1BD}.Debug|iPhoneSimulator.Deploy.0 = Debug|Any CPU
		{E49DDEFC-EB17-4A78-96E5-B22FC2A9E1BD}.Debug|x64.ActiveCfg = Debug|Any CPU
		{E49DDEFC-EB17-4A78-96E5-B22FC2A9E1BD}.Debug|x64.Build.0 = Debug|Any CPU
		{E49DDEFC-EB17-4A78-96E5-B22FC2A9E1BD}.Debug|x64.Deploy.0 = Debug|Any CPU
		{E49DDEFC-EB17-4A78-96E5-B22FC2A9E1BD}.Debug|x86.ActiveCfg = Debug|Any CPU
		{E49DDEFC-EB17-4A78-96E5-B22FC2A9E1BD}.Debug|x86.Build.0 = Debug|Any CPU
		{E49DDEFC-EB17-4A78-96E5-B22FC2A9E1BD}.Debug|x86.Deploy.0 = Debug|Any CPU
		{E49DDEFC-EB17-4A78-96E5-B22FC2A9E1BD}.Release|Any CPU.ActiveCfg = Release|Any CPU
		{E49DDEFC-EB17-4A78-96E5-B22FC2A9E1BD}.Release|Any CPU.Build.0 = Release|Any CPU
		{E49DDEFC-EB17-4A78-96E5-B22FC2A9E1BD}.Release|Any CPU.Deploy.0 = Release|Any CPU
		{E49DDEFC-EB17-4A78-96E5-B22FC2A9E1BD}.Release|ARM.ActiveCfg = Release|Any CPU
		{E49DDEFC-EB17-4A78-96E5-B22FC2A9E1BD}.Release|ARM.Build.0 = Release|Any CPU
		{E49DDEFC-EB17-4A78-96E5-B22FC2A9E1BD}.Release|ARM.Deploy.0 = Release|Any CPU
		{E49DDEFC-EB17-4A78-96E5-B22FC2A9E1BD}.Release|iPhone.ActiveCfg = Release|Any CPU
		{E49DDEFC-EB17-4A78-96E5-B22FC2A9E1BD}.Release|iPhone.Build.0 = Release|Any CPU
		{E49DDEFC-EB17-4A78-96E5-B22FC2A9E1BD}.Release|iPhone.Deploy.0 = Release|Any CPU
		{E49DDEFC-EB17-4A78-96E5-B22FC2A9E1BD}.Release|iPhoneSimulator.ActiveCfg = Release|Any CPU
		{E49DDEFC-EB17-4A78-96E5-B22FC2A9E1BD}.Release|iPhoneSimulator.Build.0 = Release|Any CPU
		{E49DDEFC-EB17-4A78-96E5-B22FC2A9E1BD}.Release|iPhoneSimulator.Deploy.0 = Release|Any CPU
		{E49DDEFC-EB17-4A78-96E5-B22FC2A9E1BD}.Release|x64.ActiveCfg = Release|Any CPU
		{E49DDEFC-EB17-4A78-96E5-B22FC2A9E1BD}.Release|x64.Build.0 = Release|Any CPU
		{E49DDEFC-EB17-4A78-96E5-B22FC2A9E1BD}.Release|x64.Deploy.0 = Release|Any CPU
		{E49DDEFC-EB17-4A78-96E5-B22FC2A9E1BD}.Release|x86.ActiveCfg = Release|Any CPU
		{E49DDEFC-EB17-4A78-96E5-B22FC2A9E1BD}.Release|x86.Build.0 = Release|Any CPU
		{E49DDEFC-EB17-4A78-96E5-B22FC2A9E1BD}.Release|x86.Deploy.0 = Release|Any CPU
	EndGlobalSection
	GlobalSection(SolutionProperties) = preSolution
		HideSolutionNode = FALSE
	EndGlobalSection
	GlobalSection(ExtensibilityGlobals) = postSolution
		SolutionGuid = {36B5C9A9-910D-487E-A5BE-B0F29C658162}
	EndGlobalSection
EndGlobal
